
Microsoft Visual Studio Solution File, Format Version 12.00
# Visual Studio Version 17
VisualStudioVersion = 17.0.31903.59
MinimumVisualStudioVersion = 10.0.40219.1
Project("{9A19103F-16F7-4668-BE54-9A1E7A4F7556}") = "MovieManagement.Application", "MovieManagement.Api\MovieManagement.Application.csproj", "{67490328-E2C4-4905-9C9C-EBF377244EBE}"
EndProject
Project("{9A19103F-16F7-4668-BE54-9A1E7A4F7556}") = "MovieManagement.Domain", "MovieManagement.Domain\MovieManagement.Domain.csproj", "{C5B05A34-E2E9-4653-8171-42A4E48FA33F}"
EndProject
Project("{9A19103F-16F7-4668-BE54-9A1E7A4F7556}") = "MovieManagement.Infrastructure", "MovieManagement.Infrastructure\MovieManagement.Infrastructure.csproj", "{99F84282-2B6E-42AE-98DC-4D90482515A5}"
EndProject
Global
	GlobalSection(SolutionConfigurationPlatforms) = preSolution
		Debug|Any CPU = Debug|Any CPU
		Release|Any CPU = Release|Any CPU
	EndGlobalSection
	GlobalSection(ProjectConfigurationPlatforms) = postSolution
		{67490328-E2C4-4905-9C9C-EBF377244EBE}.Debug|Any CPU.ActiveCfg = Debug|Any CPU
		{67490328-E2C4-4905-9C9C-EBF377244EBE}.Debug|Any CPU.Build.0 = Debug|Any CPU
		{67490328-E2C4-4905-9C9C-EBF377244EBE}.Release|Any CPU.ActiveCfg = Release|Any CPU
		{67490328-E2C4-4905-9C9C-EBF377244EBE}.Release|Any CPU.Build.0 = Release|Any CPU
		{C5B05A34-E2E9-4653-8171-42A4E48FA33F}.Debug|Any CPU.ActiveCfg = Debug|Any CPU
		{C5B05A34-E2E9-4653-8171-42A4E48FA33F}.Debug|Any CPU.Build.0 = Debug|Any CPU
		{C5B05A34-E2E9-4653-8171-42A4E48FA33F}.Release|Any CPU.ActiveCfg = Release|Any CPU
		{C5B05A34-E2E9-4653-8171-42A4E48FA33F}.Release|Any CPU.Build.0 = Release|Any CPU
		{99F84282-2B6E-42AE-98DC-4D90482515A5}.Debug|Any CPU.ActiveCfg = Debug|Any CPU
		{99F84282-2B6E-42AE-98DC-4D90482515A5}.Debug|Any CPU.Build.0 = Debug|Any CPU
		{99F84282-2B6E-42AE-98DC-4D90482515A5}.Release|Any CPU.ActiveCfg = Release|Any CPU
		{99F84282-2B6E-42AE-98DC-4D90482515A5}.Release|Any CPU.Build.0 = Release|Any CPU
	EndGlobalSection
	GlobalSection(SolutionProperties) = preSolution
		HideSolutionNode = FALSE
	EndGlobalSection
	GlobalSection(ExtensibilityGlobals) = postSolution
		SolutionGuid = {62024934-0B64-4802-9C7F-E64F9A22243E}
	EndGlobalSection
EndGlobal
